
Microsoft Visual Studio Solution File, Format Version 12.00
# Visual Studio Version 17
VisualStudioVersion = 17.5.002.0
MinimumVisualStudioVersion = 10.0.40219.1
Project("{9A19103F-16F7-4668-BE54-9A1E7A4F7556}") = "WebUI", "WebUI.csproj", "{DB97F1AF-9F15-476B-97C1-3F366F08F01D}"
EndProject
Global
	GlobalSection(SolutionConfigurationPlatforms) = preSolution
		Debug|Any CPU = Debug|Any CPU
		Release|Any CPU = Release|Any CPU
	EndGlobalSection
	GlobalSection(ProjectConfigurationPlatforms) = postSolution
		{DB97F1AF-9F15-476B-97C1-3F366F08F01D}.Debug|Any CPU.ActiveCfg = Debug|Any CPU
		{DB97F1AF-9F15-476B-97C1-3F366F08F01D}.Debug|Any CPU.Build.0 = Debug|Any CPU
		{DB97F1AF-9F15-476B-97C1-3F366F08F01D}.Release|Any CPU.ActiveCfg = Release|Any CPU
		{DB97F1AF-9F15-476B-97C1-3F366F08F01D}.Release|Any CPU.Build.0 = Release|Any CPU
	EndGlobalSection
	GlobalSection(SolutionProperties) = preSolution
		HideSolutionNode = FALSE
	EndGlobalSection
	GlobalSection(ExtensibilityGlobals) = postSolution
		SolutionGuid = {AF0AFA50-58C9-494F-9E9F-0EDD30D79CE0}
	EndGlobalSection
EndGlobal
